// !$*UTF8*$!
{
	archiveVersion = 1;
	classes = {
	};
	objectVersion = 46;
	objects = {

/* Begin PBXBuildFile section */
		6E6B409D18B97BC9001E827B /* Foundation.framework in Frameworks */ = {isa = PBXBuildFile; fileRef = 6E6B409C18B97BC9001E827B /* Foundation.framework */; };
		6E6B409F18B97BC9001E827B /* CoreGraphics.framework in Frameworks */ = {isa = PBXBuildFile; fileRef = 6E6B409E18B97BC9001E827B /* CoreGraphics.framework */; };
		6E6B40A118B97BC9001E827B /* UIKit.framework in Frameworks */ = {isa = PBXBuildFile; fileRef = 6E6B40A018B97BC9001E827B /* UIKit.framework */; };
		6E6B40A718B97BC9001E827B /* InfoPlist.strings in Resources */ = {isa = PBXBuildFile; fileRef = 6E6B40A518B97BC9001E827B /* InfoPlist.strings */; };
		6E6B40A918B97BC9001E827B /* main.m in Sources */ = {isa = PBXBuildFile; fileRef = 6E6B40A818B97BC9001E827B /* main.m */; };
		6E6B40AD18B97BC9001E827B /* NTAppDelegate.m in Sources */ = {isa = PBXBuildFile; fileRef = 6E6B40AC18B97BC9001E827B /* NTAppDelegate.m */; };
		6E6B40B018B97BC9001E827B /* Main.storyboard in Resources */ = {isa = PBXBuildFile; fileRef = 6E6B40AE18B97BC9001E827B /* Main.storyboard */; };
		6E6B40B318B97BC9001E827B /* NTViewController.m in Sources */ = {isa = PBXBuildFile; fileRef = 6E6B40B218B97BC9001E827B /* NTViewController.m */; };
		6E6B40B518B97BC9001E827B /* Images.xcassets in Resources */ = {isa = PBXBuildFile; fileRef = 6E6B40B418B97BC9001E827B /* Images.xcassets */; };
		6E6B40BC18B97BC9001E827B /* XCTest.framework in Frameworks */ = {isa = PBXBuildFile; fileRef = 6E6B40BB18B97BC9001E827B /* XCTest.framework */; };
		6E6B40BD18B97BC9001E827B /* Foundation.framework in Frameworks */ = {isa = PBXBuildFile; fileRef = 6E6B409C18B97BC9001E827B /* Foundation.framework */; };
		6E6B40BE18B97BC9001E827B /* UIKit.framework in Frameworks */ = {isa = PBXBuildFile; fileRef = 6E6B40A018B97BC9001E827B /* UIKit.framework */; };
		6E6B40C618B97BC9001E827B /* InfoPlist.strings in Resources */ = {isa = PBXBuildFile; fileRef = 6E6B40C418B97BC9001E827B /* InfoPlist.strings */; };
		6E6B40C818B97BC9001E827B /* FeedlyClientExampleTests.m in Sources */ = {isa = PBXBuildFile; fileRef = 6E6B40C718B97BC9001E827B /* FeedlyClientExampleTests.m */; };
		6EBFE15D18BB74DD00C9FBCD /* NTAuthWebViewController.m in Sources */ = {isa = PBXBuildFile; fileRef = 6EBFE15C18BB74DD00C9FBCD /* NTAuthWebViewController.m */; };
		708CAE2F6B10418DAA398270 /* libPods.a in Frameworks */ = {isa = PBXBuildFile; fileRef = 0B994A4BA5D141E6A0449993 /* libPods.a */; };
/* End PBXBuildFile section */

/* Begin PBXContainerItemProxy section */
		6E6B40BF18B97BC9001E827B /* PBXContainerItemProxy */ = {
			isa = PBXContainerItemProxy;
			containerPortal = 6E6B409118B97BC9001E827B /* Project object */;
			proxyType = 1;
			remoteGlobalIDString = 6E6B409818B97BC9001E827B;
			remoteInfo = FeedlyClientExample;
		};
/* End PBXContainerItemProxy section */

/* Begin PBXFileReference section */
		0B994A4BA5D141E6A0449993 /* libPods.a */ = {isa = PBXFileReference; explicitFileType = archive.ar; includeInIndex = 0; path = libPods.a; sourceTree = BUILT_PRODUCTS_DIR; };
		4BB9B182765C483AAC2AEECB /* Pods.xcconfig */ = {isa = PBXFileReference; includeInIndex = 1; lastKnownFileType = text.xcconfig; name = Pods.xcconfig; path = Pods/Pods.xcconfig; sourceTree = "<group>"; };
		6E6B409918B97BC9001E827B /* FeedlyClientExample.app */ = {isa = PBXFileReference; explicitFileType = wrapper.application; includeInIndex = 0; path = FeedlyClientExample.app; sourceTree = BUILT_PRODUCTS_DIR; };
		6E6B409C18B97BC9001E827B /* Foundation.framework */ = {isa = PBXFileReference; lastKnownFileType = wrapper.framework; name = Foundation.framework; path = System/Library/Frameworks/Foundation.framework; sourceTree = SDKROOT; };
		6E6B409E18B97BC9001E827B /* CoreGraphics.framework */ = {isa = PBXFileReference; lastKnownFileType = wrapper.framework; name = CoreGraphics.framework; path = System/Library/Frameworks/CoreGraphics.framework; sourceTree = SDKROOT; };
		6E6B40A018B97BC9001E827B /* UIKit.framework */ = {isa = PBXFileReference; lastKnownFileType = wrapper.framework; name = UIKit.framework; path = System/Library/Frameworks/UIKit.framework; sourceTree = SDKROOT; };
		6E6B40A418B97BC9001E827B /* FeedlyClientExample-Info.plist */ = {isa = PBXFileReference; lastKnownFileType = text.plist.xml; path = "FeedlyClientExample-Info.plist"; sourceTree = "<group>"; };
		6E6B40A618B97BC9001E827B /* en */ = {isa = PBXFileReference; lastKnownFileType = text.plist.strings; name = en; path = en.lproj/InfoPlist.strings; sourceTree = "<group>"; };
		6E6B40A818B97BC9001E827B /* main.m */ = {isa = PBXFileReference; lastKnownFileType = sourcecode.c.objc; path = main.m; sourceTree = "<group>"; };
		6E6B40AA18B97BC9001E827B /* FeedlyClientExample-Prefix.pch */ = {isa = PBXFileReference; lastKnownFileType = sourcecode.c.h; path = "FeedlyClientExample-Prefix.pch"; sourceTree = "<group>"; };
		6E6B40AB18B97BC9001E827B /* NTAppDelegate.h */ = {isa = PBXFileReference; lastKnownFileType = sourcecode.c.h; path = NTAppDelegate.h; sourceTree = "<group>"; };
		6E6B40AC18B97BC9001E827B /* NTAppDelegate.m */ = {isa = PBXFileReference; lastKnownFileType = sourcecode.c.objc; path = NTAppDelegate.m; sourceTree = "<group>"; };
		6E6B40AF18B97BC9001E827B /* Base */ = {isa = PBXFileReference; lastKnownFileType = file.storyboard; name = Base; path = Base.lproj/Main.storyboard; sourceTree = "<group>"; };
		6E6B40B118B97BC9001E827B /* NTViewController.h */ = {isa = PBXFileReference; lastKnownFileType = sourcecode.c.h; path = NTViewController.h; sourceTree = "<group>"; };
		6E6B40B218B97BC9001E827B /* NTViewController.m */ = {isa = PBXFileReference; lastKnownFileType = sourcecode.c.objc; path = NTViewController.m; sourceTree = "<group>"; };
		6E6B40B418B97BC9001E827B /* Images.xcassets */ = {isa = PBXFileReference; lastKnownFileType = folder.assetcatalog; path = Images.xcassets; sourceTree = "<group>"; };
		6E6B40BA18B97BC9001E827B /* FeedlyClientExampleTests.xctest */ = {isa = PBXFileReference; explicitFileType = wrapper.cfbundle; includeInIndex = 0; path = FeedlyClientExampleTests.xctest; sourceTree = BUILT_PRODUCTS_DIR; };
		6E6B40BB18B97BC9001E827B /* XCTest.framework */ = {isa = PBXFileReference; lastKnownFileType = wrapper.framework; name = XCTest.framework; path = Library/Frameworks/XCTest.framework; sourceTree = DEVELOPER_DIR; };
		6E6B40C318B97BC9001E827B /* FeedlyClientExampleTests-Info.plist */ = {isa = PBXFileReference; lastKnownFileType = text.plist.xml; path = "FeedlyClientExampleTests-Info.plist"; sourceTree = "<group>"; };
		6E6B40C518B97BC9001E827B /* en */ = {isa = PBXFileReference; lastKnownFileType = text.plist.strings; name = en; path = en.lproj/InfoPlist.strings; sourceTree = "<group>"; };
		6E6B40C718B97BC9001E827B /* FeedlyClientExampleTests.m */ = {isa = PBXFileReference; lastKnownFileType = sourcecode.c.objc; path = FeedlyClientExampleTests.m; sourceTree = "<group>"; };
		6EBFE15B18BB74DD00C9FBCD /* NTAuthWebViewController.h */ = {isa = PBXFileReference; fileEncoding = 4; lastKnownFileType = sourcecode.c.h; path = NTAuthWebViewController.h; sourceTree = "<group>"; };
		6EBFE15C18BB74DD00C9FBCD /* NTAuthWebViewController.m */ = {isa = PBXFileReference; fileEncoding = 4; lastKnownFileType = sourcecode.c.objc; path = NTAuthWebViewController.m; sourceTree = "<group>"; };
/* End PBXFileReference section */

/* Begin PBXFrameworksBuildPhase section */
		6E6B409618B97BC9001E827B /* Frameworks */ = {
			isa = PBXFrameworksBuildPhase;
			buildActionMask = 2147483647;
			files = (
				6E6B409F18B97BC9001E827B /* CoreGraphics.framework in Frameworks */,
				6E6B40A118B97BC9001E827B /* UIKit.framework in Frameworks */,
				6E6B409D18B97BC9001E827B /* Foundation.framework in Frameworks */,
			);
			runOnlyForDeploymentPostprocessing = 0;
		};
		6E6B40B718B97BC9001E827B /* Frameworks */ = {
			isa = PBXFrameworksBuildPhase;
			buildActionMask = 2147483647;
			files = (
				6E6B40BC18B97BC9001E827B /* XCTest.framework in Frameworks */,
				6E6B40BE18B97BC9001E827B /* UIKit.framework in Frameworks */,
				6E6B40BD18B97BC9001E827B /* Foundation.framework in Frameworks */,
			);
			runOnlyForDeploymentPostprocessing = 0;
		};
/* End PBXFrameworksBuildPhase section */

/* Begin PBXGroup section */
		6E6B409018B97BC9001E827B = {
			isa = PBXGroup;
			children = (
				6E6B40A218B97BC9001E827B /* FeedlyClientExample */,
				6E6B40C118B97BC9001E827B /* FeedlyClientExampleTests */,
				6E6B409B18B97BC9001E827B /* Frameworks */,
				6E6B409A18B97BC9001E827B /* Products */,
			);
			sourceTree = "<group>";
		};
		6E6B409A18B97BC9001E827B /* Products */ = {
			isa = PBXGroup;
			children = (
				6E6B409918B97BC9001E827B /* FeedlyClientExample.app */,
				6E6B40BA18B97BC9001E827B /* FeedlyClientExampleTests.xctest */,
			);
			name = Products;
			sourceTree = "<group>";
		};
		6E6B409B18B97BC9001E827B /* Frameworks */ = {
			isa = PBXGroup;
			children = (
				6E6B409C18B97BC9001E827B /* Foundation.framework */,
				6E6B409E18B97BC9001E827B /* CoreGraphics.framework */,
				6E6B40A018B97BC9001E827B /* UIKit.framework */,
				6E6B40BB18B97BC9001E827B /* XCTest.framework */,
			);
			name = Frameworks;
			sourceTree = "<group>";
		};
		6E6B40A218B97BC9001E827B /* FeedlyClientExample */ = {
			isa = PBXGroup;
			children = (
				6E6B40AB18B97BC9001E827B /* NTAppDelegate.h */,
				6E6B40AC18B97BC9001E827B /* NTAppDelegate.m */,
				6E6B40AE18B97BC9001E827B /* Main.storyboard */,
				6E6B40B118B97BC9001E827B /* NTViewController.h */,
				6E6B40B218B97BC9001E827B /* NTViewController.m */,
				6E6B40B418B97BC9001E827B /* Images.xcassets */,
				6E6B40A318B97BC9001E827B /* Supporting Files */,
				6EBFE15B18BB74DD00C9FBCD /* NTAuthWebViewController.h */,
				6EBFE15C18BB74DD00C9FBCD /* NTAuthWebViewController.m */,
			);
			path = FeedlyClientExample;
			sourceTree = "<group>";
		};
		6E6B40A318B97BC9001E827B /* Supporting Files */ = {
			isa = PBXGroup;
			children = (
				6E6B40A418B97BC9001E827B /* FeedlyClientExample-Info.plist */,
				6E6B40A518B97BC9001E827B /* InfoPlist.strings */,
				6E6B40A818B97BC9001E827B /* main.m */,
				6E6B40AA18B97BC9001E827B /* FeedlyClientExample-Prefix.pch */,
			);
			name = "Supporting Files";
			sourceTree = "<group>";
		};
		6E6B40C118B97BC9001E827B /* FeedlyClientExampleTests */ = {
			isa = PBXGroup;
			children = (
				6E6B40C718B97BC9001E827B /* FeedlyClientExampleTests.m */,
				6E6B40C218B97BC9001E827B /* Supporting Files */,
			);
			path = FeedlyClientExampleTests;
			sourceTree = "<group>";
		};
		6E6B40C218B97BC9001E827B /* Supporting Files */ = {
			isa = PBXGroup;
			children = (
				6E6B40C318B97BC9001E827B /* FeedlyClientExampleTests-Info.plist */,
				6E6B40C418B97BC9001E827B /* InfoPlist.strings */,
			);
			name = "Supporting Files";
			sourceTree = "<group>";
		};
/* End PBXGroup section */

/* Begin PBXNativeTarget section */
		6E6B409818B97BC9001E827B /* FeedlyClientExample */ = {
			isa = PBXNativeTarget;
			buildConfigurationList = 6E6B40CB18B97BC9001E827B /* Build configuration list for PBXNativeTarget "FeedlyClientExample" */;
			buildPhases = (
				6E6B409518B97BC9001E827B /* Sources */,
				6E6B409618B97BC9001E827B /* Frameworks */,
				6E6B409718B97BC9001E827B /* Resources */,
			);
			buildRules = (
			);
			dependencies = (
			);
			name = FeedlyClientExample;
			productName = FeedlyClientExample;
			productReference = 6E6B409918B97BC9001E827B /* FeedlyClientExample.app */;
			productType = "com.apple.product-type.application";
		};
		6E6B40B918B97BC9001E827B /* FeedlyClientExampleTests */ = {
			isa = PBXNativeTarget;
			buildConfigurationList = 6E6B40CE18B97BC9001E827B /* Build configuration list for PBXNativeTarget "FeedlyClientExampleTests" */;
			buildPhases = (
				6E6B40B618B97BC9001E827B /* Sources */,
				6E6B40B718B97BC9001E827B /* Frameworks */,
				6E6B40B818B97BC9001E827B /* Resources */,
			);
			buildRules = (
			);
			dependencies = (
				6E6B40C018B97BC9001E827B /* PBXTargetDependency */,
			);
			name = FeedlyClientExampleTests;
			productName = FeedlyClientExampleTests;
			productReference = 6E6B40BA18B97BC9001E827B /* FeedlyClientExampleTests.xctest */;
			productType = "com.apple.product-type.bundle.unit-test";
		};
/* End PBXNativeTarget section */

/* Begin PBXProject section */
		6E6B409118B97BC9001E827B /* Project object */ = {
			isa = PBXProject;
			attributes = {
				CLASSPREFIX = NT;
				LastUpgradeCheck = 0500;
				ORGANIZATIONNAME = "Naoyuki Takura";
				TargetAttributes = {
					6E6B40B918B97BC9001E827B = {
						TestTargetID = 6E6B409818B97BC9001E827B;
					};
				};
			};
			buildConfigurationList = 6E6B409418B97BC9001E827B /* Build configuration list for PBXProject "FeedlyClientExample" */;
			compatibilityVersion = "Xcode 3.2";
			developmentRegion = English;
			hasScannedForEncodings = 0;
			knownRegions = (
				en,
				Base,
			);
			mainGroup = 6E6B409018B97BC9001E827B;
			productRefGroup = 6E6B409A18B97BC9001E827B /* Products */;
			projectDirPath = "";
			projectRoot = "";
			targets = (
				6E6B409818B97BC9001E827B /* FeedlyClientExample */,
				6E6B40B918B97BC9001E827B /* FeedlyClientExampleTests */,
			);
		};
/* End PBXProject section */

/* Begin PBXResourcesBuildPhase section */
		6E6B409718B97BC9001E827B /* Resources */ = {
			isa = PBXResourcesBuildPhase;
			buildActionMask = 2147483647;
			files = (
				6E6B40B518B97BC9001E827B /* Images.xcassets in Resources */,
				6E6B40A718B97BC9001E827B /* InfoPlist.strings in Resources */,
				6E6B40B018B97BC9001E827B /* Main.storyboard in Resources */,
			);
			runOnlyForDeploymentPostprocessing = 0;
		};
		6E6B40B818B97BC9001E827B /* Resources */ = {
			isa = PBXResourcesBuildPhase;
			buildActionMask = 2147483647;
			files = (
				6E6B40C618B97BC9001E827B /* InfoPlist.strings in Resources */,
			);
			runOnlyForDeploymentPostprocessing = 0;
		};
/* End PBXResourcesBuildPhase section */

/* Begin PBXSourcesBuildPhase section */
		6E6B409518B97BC9001E827B /* Sources */ = {
			isa = PBXSourcesBuildPhase;
			buildActionMask = 2147483647;
			files = (
				6E6B40B318B97BC9001E827B /* NTViewController.m in Sources */,
				6EBFE15D18BB74DD00C9FBCD /* NTAuthWebViewController.m in Sources */,
				6E6B40AD18B97BC9001E827B /* NTAppDelegate.m in Sources */,
				6E6B40A918B97BC9001E827B /* main.m in Sources */,
			);
			runOnlyForDeploymentPostprocessing = 0;
		};
		6E6B40B618B97BC9001E827B /* Sources */ = {
			isa = PBXSourcesBuildPhase;
			buildActionMask = 2147483647;
			files = (
				6E6B40C818B97BC9001E827B /* FeedlyClientExampleTests.m in Sources */,
			);
			runOnlyForDeploymentPostprocessing = 0;
		};
/* End PBXSourcesBuildPhase section */

/* Begin PBXTargetDependency section */
		6E6B40C018B97BC9001E827B /* PBXTargetDependency */ = {
			isa = PBXTargetDependency;
			target = 6E6B409818B97BC9001E827B /* FeedlyClientExample */;
			targetProxy = 6E6B40BF18B97BC9001E827B /* PBXContainerItemProxy */;
		};
/* End PBXTargetDependency section */

/* Begin PBXVariantGroup section */
		6E6B40A518B97BC9001E827B /* InfoPlist.strings */ = {
			isa = PBXVariantGroup;
			children = (
				6E6B40A618B97BC9001E827B /* en */,
			);
			name = InfoPlist.strings;
			sourceTree = "<group>";
		};
		6E6B40AE18B97BC9001E827B /* Main.storyboard */ = {
			isa = PBXVariantGroup;
			children = (
				6E6B40AF18B97BC9001E827B /* Base */,
			);
			name = Main.storyboard;
			sourceTree = "<group>";
		};
		6E6B40C418B97BC9001E827B /* InfoPlist.strings */ = {
			isa = PBXVariantGroup;
			children = (
				6E6B40C518B97BC9001E827B /* en */,
			);
			name = InfoPlist.strings;
			sourceTree = "<group>";
		};
/* End PBXVariantGroup section */

/* Begin XCBuildConfiguration section */
		6E6B40C918B97BC9001E827B /* Debug */ = {
			isa = XCBuildConfiguration;
			buildSettings = {
				ALWAYS_SEARCH_USER_PATHS = NO;
				ARCHS = "$(ARCHS_STANDARD_INCLUDING_64_BIT)";
				CLANG_CXX_LANGUAGE_STANDARD = "gnu++0x";
				CLANG_CXX_LIBRARY = "libc++";
				CLANG_ENABLE_MODULES = YES;
				CLANG_ENABLE_OBJC_ARC = YES;
				CLANG_WARN_BOOL_CONVERSION = YES;
				CLANG_WARN_CONSTANT_CONVERSION = YES;
				CLANG_WARN_DIRECT_OBJC_ISA_USAGE = YES_ERROR;
				CLANG_WARN_EMPTY_BODY = YES;
				CLANG_WARN_ENUM_CONVERSION = YES;
				CLANG_WARN_INT_CONVERSION = YES;
				CLANG_WARN_OBJC_ROOT_CLASS = YES_ERROR;
				CLANG_WARN__DUPLICATE_METHOD_MATCH = YES;
				"CODE_SIGN_IDENTITY[sdk=iphoneos*]" = "iPhone Developer";
				COPY_PHASE_STRIP = NO;
				GCC_C_LANGUAGE_STANDARD = gnu99;
				GCC_DYNAMIC_NO_PIC = NO;
				GCC_OPTIMIZATION_LEVEL = 0;
				GCC_PREPROCESSOR_DEFINITIONS = (
					"DEBUG=1",
					"$(inherited)",
				);
				GCC_SYMBOLS_PRIVATE_EXTERN = NO;
				GCC_WARN_64_TO_32_BIT_CONVERSION = YES;
				GCC_WARN_ABOUT_RETURN_TYPE = YES_ERROR;
				GCC_WARN_UNDECLARED_SELECTOR = YES;
				GCC_WARN_UNINITIALIZED_AUTOS = YES;
				GCC_WARN_UNUSED_FUNCTION = YES;
				GCC_WARN_UNUSED_VARIABLE = YES;
				IPHONEOS_DEPLOYMENT_TARGET = 7.0;
				ONLY_ACTIVE_ARCH = YES;
				SDKROOT = iphoneos;
			};
			name = Debug;
		};
		6E6B40CA18B97BC9001E827B /* Release */ = {
			isa = XCBuildConfiguration;
			buildSettings = {
				ALWAYS_SEARCH_USER_PATHS = NO;
				ARCHS = "$(ARCHS_STANDARD_INCLUDING_64_BIT)";
				CLANG_CXX_LANGUAGE_STANDARD = "gnu++0x";
				CLANG_CXX_LIBRARY = "libc++";
				CLANG_ENABLE_MODULES = YES;
				CLANG_ENABLE_OBJC_ARC = YES;
				CLANG_WARN_BOOL_CONVERSION = YES;
				CLANG_WARN_CONSTANT_CONVERSION = YES;
				CLANG_WARN_DIRECT_OBJC_ISA_USAGE = YES_ERROR;
				CLANG_WARN_EMPTY_BODY = YES;
				CLANG_WARN_ENUM_CONVERSION = YES;
				CLANG_WARN_INT_CONVERSION = YES;
				CLANG_WARN_OBJC_ROOT_CLASS = YES_ERROR;
				CLANG_WARN__DUPLICATE_METHOD_MATCH = YES;
				"CODE_SIGN_IDENTITY[sdk=iphoneos*]" = "iPhone Developer";
				COPY_PHASE_STRIP = YES;
				ENABLE_NS_ASSERTIONS = NO;
				GCC_C_LANGUAGE_STANDARD = gnu99;
				GCC_WARN_64_TO_32_BIT_CONVERSION = YES;
				GCC_WARN_ABOUT_RETURN_TYPE = YES_ERROR;
				GCC_WARN_UNDECLARED_SELECTOR = YES;
				GCC_WARN_UNINITIALIZED_AUTOS = YES;
				GCC_WARN_UNUSED_FUNCTION = YES;
				GCC_WARN_UNUSED_VARIABLE = YES;
				IPHONEOS_DEPLOYMENT_TARGET = 7.0;
				SDKROOT = iphoneos;
				VALIDATE_PRODUCT = YES;
			};
			name = Release;
		};
		6E6B40CC18B97BC9001E827B /* Debug */ = {
			isa = XCBuildConfiguration;
			buildSettings = {
				ASSETCATALOG_COMPILER_APPICON_NAME = AppIcon;
				ASSETCATALOG_COMPILER_LAUNCHIMAGE_NAME = LaunchImage;
				GCC_PRECOMPILE_PREFIX_HEADER = YES;
				GCC_PREFIX_HEADER = "FeedlyClientExample/FeedlyClientExample-Prefix.pch";
				INFOPLIST_FILE = "FeedlyClientExample/FeedlyClientExample-Info.plist";
				PRODUCT_NAME = "$(TARGET_NAME)";
				WRAPPER_EXTENSION = app;
			};
			name = Debug;
		};
		6E6B40CD18B97BC9001E827B /* Release */ = {
			isa = XCBuildConfiguration;
			buildSettings = {
				ASSETCATALOG_COMPILER_APPICON_NAME = AppIcon;
				ASSETCATALOG_COMPILER_LAUNCHIMAGE_NAME = LaunchImage;
				GCC_PRECOMPILE_PREFIX_HEADER = YES;
				GCC_PREFIX_HEADER = "FeedlyClientExample/FeedlyClientExample-Prefix.pch";
				INFOPLIST_FILE = "FeedlyClientExample/FeedlyClientExample-Info.plist";
				PRODUCT_NAME = "$(TARGET_NAME)";
				WRAPPER_EXTENSION = app;
			};
			name = Release;
		};
		6E6B40CF18B97BC9001E827B /* Debug */ = {
			isa = XCBuildConfiguration;
			buildSettings = {
				ARCHS = "$(ARCHS_STANDARD_INCLUDING_64_BIT)";
				BUNDLE_LOADER = "$(BUILT_PRODUCTS_DIR)/FeedlyClientExample.app/FeedlyClientExample";
				FRAMEWORK_SEARCH_PATHS = (
					"$(SDKROOT)/Developer/Library/Frameworks",
					"$(inherited)",
					"$(DEVELOPER_FRAMEWORKS_DIR)",
				);
				GCC_PRECOMPILE_PREFIX_HEADER = YES;
				GCC_PREFIX_HEADER = "FeedlyClientExample/FeedlyClientExample-Prefix.pch";
				GCC_PREPROCESSOR_DEFINITIONS = (
					"DEBUG=1",
					"$(inherited)",
				);
				INFOPLIST_FILE = "FeedlyClientExampleTests/FeedlyClientExampleTests-Info.plist";
				PRODUCT_NAME = "$(TARGET_NAME)";
				TEST_HOST = "$(BUNDLE_LOADER)";
				WRAPPER_EXTENSION = xctest;
			};
			name = Debug;
		};
		6E6B40D018B97BC9001E827B /* Release */ = {
			isa = XCBuildConfiguration;
			buildSettings = {
				ARCHS = "$(ARCHS_STANDARD_INCLUDING_64_BIT)";
				BUNDLE_LOADER = "$(BUILT_PRODUCTS_DIR)/FeedlyClientExample.app/FeedlyClientExample";
				FRAMEWORK_SEARCH_PATHS = (
					"$(SDKROOT)/Developer/Library/Frameworks",
					"$(inherited)",
					"$(DEVELOPER_FRAMEWORKS_DIR)",
				);
				GCC_PRECOMPILE_PREFIX_HEADER = YES;
				GCC_PREFIX_HEADER = "FeedlyClientExample/FeedlyClientExample-Prefix.pch";
				INFOPLIST_FILE = "FeedlyClientExampleTests/FeedlyClientExampleTests-Info.plist";
				PRODUCT_NAME = "$(TARGET_NAME)";
				TEST_HOST = "$(BUNDLE_LOADER)";
				WRAPPER_EXTENSION = xctest;
			};
			name = Release;
		};
/* End XCBuildConfiguration section */

/* Begin XCConfigurationList section */
		6E6B409418B97BC9001E827B /* Build configuration list for PBXProject "FeedlyClientExample" */ = {
			isa = XCConfigurationList;
			buildConfigurations = (
				6E6B40C918B97BC9001E827B /* Debug */,
				6E6B40CA18B97BC9001E827B /* Release */,
			);
			defaultConfigurationIsVisible = 0;
			defaultConfigurationName = Release;
		};
		6E6B40CB18B97BC9001E827B /* Build configuration list for PBXNativeTarget "FeedlyClientExample" */ = {
			isa = XCConfigurationList;
			buildConfigurations = (
				6E6B40CC18B97BC9001E827B /* Debug */,
				6E6B40CD18B97BC9001E827B /* Release */,
			);
			defaultConfigurationIsVisible = 0;
			defaultConfigurationName = Release;
		};
		6E6B40CE18B97BC9001E827B /* Build configuration list for PBXNativeTarget "FeedlyClientExampleTests" */ = {
			isa = XCConfigurationList;
			buildConfigurations = (
				6E6B40CF18B97BC9001E827B /* Debug */,
				6E6B40D018B97BC9001E827B /* Release */,
			);
			defaultConfigurationIsVisible = 0;
			defaultConfigurationName = Release;
		};
/* End XCConfigurationList section */
	};
	rootObject = 6E6B409118B97BC9001E827B /* Project object */;
}
